{"format_version":"1.2","terraform_version":"1.9.5","variables":{"cidr":{"value":"10.0.0.0/16"}},"planned_values":{"root_module":{"resources":[{"address":"aws_instance.server","mode":"managed","type":"aws_instance","name":"server","provider_name":"registry.terraform.io/hashicorp/aws","schema_version":1,"values":{"ami":"ami-0261755bbcb8c4a84","credit_specification":[],"get_password_data":false,"hibernation":null,"instance_type":"t2.micro","key_name":"ayush_laptop","launch_template":[],"source_dest_check":true,"tags":null,"timeouts":null,"user_data_replace_on_change":false,"volume_tags":null},"sensitive_values":{"capacity_reservation_specification":[],"cpu_options":[],"credit_specification":[],"ebs_block_device":[],"enclave_options":[],"ephemeral_block_device":[],"instance_market_options":[],"ipv6_addresses":[],"launch_template":[],"maintenance_options":[],"metadata_options":[],"network_interface":[],"private_dns_name_options":[],"root_block_device":[],"secondary_private_ips":[],"security_groups":[],"tags_all":{},"vpc_security_group_ids":[]}},{"address":"aws_internet_gateway.igw","mode":"managed","type":"aws_internet_gateway","name":"igw","provider_name":"registry.terraform.io/hashicorp/aws","schema_version":0,"values":{"tags":null,"timeouts":null},"sensitive_values":{"tags_all":{}}},{"address":"aws_key_pair.example","mode":"managed","type":"aws_key_pair","name":"example","provider_name":"registry.terraform.io/hashicorp/aws","schema_version":1,"values":{"key_name":"ayush_laptop","public_key":"ssh-rsa AAAAB3NzaC1yc2EAAAADAQABAAABgQDPi3k6/Ft7nQjbZG/wiM2ySqSzY9L7/W+2pnRXoJtGmgynI4h2E13LTUm4mM1KAvs+LgmnMZJWvO02Nr/mDGwu9BvYxCXQIIu07I+gHHLypVNBb7ATUlkLGIBo87goJ5+VbKLLkkGepZZy7te55Rw+opTqoEsbR87akfEcOqrDOLXqA8RMT+541zrt7Ehu0yXMzA//Ynm/5jXwpL1rKtlzMR6V4zuCpEBgnZQ0OikMh3T+S4wG2uU8JpuB/Pi+Nz1+hjwU4G41Zfuh6590I9r6lB7CDu3cfM5fS7T3gOE9A9W7t8K9J9y8rclQOlz/l9fqYOdU+bqC2TpzBBEkiCafdDuvjxlsqGD69thqKcSzsFpICgfmekIZGh9do95+D85bW21T3HDilqaVP6FiHXDWc8WOueZdPqW2C839V+v8oAu0bALuLKhBrhARZByocHo97Kn3xDe+VA8CvgJ5XufrRw7NvIJDTzseI+9aA353dRDcYoqCtBzr4Fo9h+0PGis= ayushpoudel@eduroam-226-232-231.laptops.usf.edu","tags":null},"sensitive_values":{"tags_all":{}}},{"address":"aws_route_table.RT","mode":"managed","type":"aws_route_table","name":"RT","provider_name":"registry.terraform.io/hashicorp/aws","schema_version":0,"values":{"route":[{"carrier_gateway_id":"","cidr_block":"0.0.0.0/0","core_network_arn":"","destination_prefix_list_id":"","egress_only_gateway_id":"","ipv6_cidr_block":"","local_gateway_id":"","nat_gateway_id":"","network_interface_id":"","transit_gateway_id":"","vpc_endpoint_id":"","vpc_peering_connection_id":""}],"tags":null,"timeouts":null},"sensitive_values":{"propagating_vgws":[],"route":[{}],"tags_all":{}}},{"address":"aws_route_table_association.rta1","mode":"managed","type":"aws_route_table_association","name":"rta1","provider_name":"registry.terraform.io/hashicorp/aws","schema_version":0,"values":{"gateway_id":null,"timeouts":null},"sensitive_values":{}},{"address":"aws_security_group.sgwb","mode":"managed","type":"aws_security_group","name":"sgwb","provider_name":"registry.terraform.io/hashicorp/aws","schema_version":1,"values":{"description":"Managed by Terraform","egress":[{"cidr_blocks":["0.0.0.0/0"],"description":"","from_port":0,"ipv6_cidr_blocks":[],"prefix_list_ids":[],"protocol":"-1","security_groups":[],"self":false,"to_port":0}],"ingress":[{"cidr_blocks":["0.0.0.0/0"],"description":"HTTP from VPC","from_port":80,"ipv6_cidr_blocks":[],"prefix_list_ids":[],"protocol":"tcp","security_groups":[],"self":false,"to_port":80},{"cidr_blocks":["0.0.0.0/0"],"description":"SSH","from_port":22,"ipv6_cidr_blocks":[],"prefix_list_ids":[],"protocol":"tcp","security_groups":[],"self":false,"to_port":22}],"name":"Web","revoke_rules_on_delete":false,"tags":null,"timeouts":null},"sensitive_values":{"egress":[{"cidr_blocks":[false],"ipv6_cidr_blocks":[],"prefix_list_ids":[],"security_groups":[]}],"ingress":[{"cidr_blocks":[false],"ipv6_cidr_blocks":[],"prefix_list_ids":[],"security_groups":[]},{"cidr_blocks":[false],"ipv6_cidr_blocks":[],"prefix_list_ids":[],"security_groups":[]}],"tags_all":{}}},{"address":"aws_subnet.sub1","mode":"managed","type":"aws_subnet","name":"sub1","provider_name":"registry.terraform.io/hashicorp/aws","schema_version":1,"values":{"assign_ipv6_address_on_creation":false,"availability_zone":"us-east-1a","cidr_block":"10.0.0.0/24","customer_owned_ipv4_pool":null,"enable_dns64":false,"enable_lni_at_device_index":null,"enable_resource_name_dns_a_record_on_launch":false,"enable_resource_name_dns_aaaa_record_on_launch":false,"ipv6_cidr_block":null,"ipv6_native":false,"map_customer_owned_ip_on_launch":null,"map_public_ip_on_launch":true,"outpost_arn":null,"tags":null,"timeouts":null},"sensitive_values":{"tags_all":{}}},{"address":"aws_vpc.myvpc","mode":"managed","type":"aws_vpc","name":"myvpc","provider_name":"registry.terraform.io/hashicorp/aws","schema_version":1,"values":{"assign_generated_ipv6_cidr_block":null,"cidr_block":"10.0.0.0/16","enable_dns_support":true,"instance_tenancy":"default","ipv4_ipam_pool_id":null,"ipv4_netmask_length":null,"ipv6_ipam_pool_id":null,"ipv6_netmask_length":null,"tags":null},"sensitive_values":{"tags_all":{}}}]}},"resource_changes":[{"address":"aws_instance.server","mode":"managed","type":"aws_instance","name":"server","provider_name":"registry.terraform.io/hashicorp/aws","change":{"actions":["create"],"before":null,"after":{"ami":"ami-0261755bbcb8c4a84","credit_specification":[],"get_password_data":false,"hibernation":null,"instance_type":"t2.micro","key_name":"ayush_laptop","launch_template":[],"source_dest_check":true,"tags":null,"timeouts":null,"user_data_replace_on_change":false,"volume_tags":null},"after_unknown":{"arn":true,"associate_public_ip_address":true,"availability_zone":true,"capacity_reservation_specification":true,"cpu_core_count":true,"cpu_options":true,"cpu_threads_per_core":true,"credit_specification":[],"disable_api_stop":true,"disable_api_termination":true,"ebs_block_device":true,"ebs_optimized":true,"enclave_options":true,"ephemeral_block_device":true,"host_id":true,"host_resource_group_arn":true,"iam_instance_profile":true,"id":true,"instance_initiated_shutdown_behavior":true,"instance_lifecycle":true,"instance_market_options":true,"instance_state":true,"ipv6_address_count":true,"ipv6_addresses":true,"launch_template":[],"maintenance_options":true,"metadata_options":true,"monitoring":true,"network_interface":true,"outpost_arn":true,"password_data":true,"placement_group":true,"placement_partition_number":true,"primary_network_interface_id":true,"private_dns":true,"private_dns_name_options":true,"private_ip":true,"public_dns":true,"public_ip":true,"root_block_device":true,"secondary_private_ips":true,"security_groups":true,"spot_instance_request_id":true,"subnet_id":true,"tags_all":true,"tenancy":true,"user_data":true,"user_data_base64":true,"vpc_security_group_ids":true},"before_sensitive":false,"after_sensitive":{"capacity_reservation_specification":[],"cpu_options":[],"credit_specification":[],"ebs_block_device":[],"enclave_options":[],"ephemeral_block_device":[],"instance_market_options":[],"ipv6_addresses":[],"launch_template":[],"maintenance_options":[],"metadata_options":[],"network_interface":[],"private_dns_name_options":[],"root_block_device":[],"secondary_private_ips":[],"security_groups":[],"tags_all":{},"vpc_security_group_ids":[]}}},{"address":"aws_internet_gateway.igw","mode":"managed","type":"aws_internet_gateway","name":"igw","provider_name":"registry.terraform.io/hashicorp/aws","change":{"actions":["create"],"before":null,"after":{"tags":null,"timeouts":null},"after_unknown":{"arn":true,"id":true,"owner_id":true,"tags_all":true,"vpc_id":true},"before_sensitive":false,"after_sensitive":{"tags_all":{}}}},{"address":"aws_key_pair.example","mode":"managed","type":"aws_key_pair","name":"example","provider_name":"registry.terraform.io/hashicorp/aws","change":{"actions":["create"],"before":null,"after":{"key_name":"ayush_laptop","public_key":"ssh-rsa AAAAB3NzaC1yc2EAAAADAQABAAABgQDPi3k6/Ft7nQjbZG/wiM2ySqSzY9L7/W+2pnRXoJtGmgynI4h2E13LTUm4mM1KAvs+LgmnMZJWvO02Nr/mDGwu9BvYxCXQIIu07I+gHHLypVNBb7ATUlkLGIBo87goJ5+VbKLLkkGepZZy7te55Rw+opTqoEsbR87akfEcOqrDOLXqA8RMT+541zrt7Ehu0yXMzA//Ynm/5jXwpL1rKtlzMR6V4zuCpEBgnZQ0OikMh3T+S4wG2uU8JpuB/Pi+Nz1+hjwU4G41Zfuh6590I9r6lB7CDu3cfM5fS7T3gOE9A9W7t8K9J9y8rclQOlz/l9fqYOdU+bqC2TpzBBEkiCafdDuvjxlsqGD69thqKcSzsFpICgfmekIZGh9do95+D85bW21T3HDilqaVP6FiHXDWc8WOueZdPqW2C839V+v8oAu0bALuLKhBrhARZByocHo97Kn3xDe+VA8CvgJ5XufrRw7NvIJDTzseI+9aA353dRDcYoqCtBzr4Fo9h+0PGis= ayushpoudel@eduroam-226-232-231.laptops.usf.edu","tags":null},"after_unknown":{"arn":true,"fingerprint":true,"id":true,"key_name_prefix":true,"key_pair_id":true,"key_type":true,"tags_all":true},"before_sensitive":false,"after_sensitive":{"tags_all":{}}}},{"address":"aws_route_table.RT","mode":"managed","type":"aws_route_table","name":"RT","provider_name":"registry.terraform.io/hashicorp/aws","change":{"actions":["create"],"before":null,"after":{"route":[{"carrier_gateway_id":"","cidr_block":"0.0.0.0/0","core_network_arn":"","destination_prefix_list_id":"","egress_only_gateway_id":"","ipv6_cidr_block":"","local_gateway_id":"","nat_gateway_id":"","network_interface_id":"","transit_gateway_id":"","vpc_endpoint_id":"","vpc_peering_connection_id":""}],"tags":null,"timeouts":null},"after_unknown":{"arn":true,"id":true,"owner_id":true,"propagating_vgws":true,"route":[{"gateway_id":true}],"tags_all":true,"vpc_id":true},"before_sensitive":false,"after_sensitive":{"propagating_vgws":[],"route":[{}],"tags_all":{}}}},{"address":"aws_route_table_association.rta1","mode":"managed","type":"aws_route_table_association","name":"rta1","provider_name":"registry.terraform.io/hashicorp/aws","change":{"actions":["create"],"before":null,"after":{"gateway_id":null,"timeouts":null},"after_unknown":{"id":true,"route_table_id":true,"subnet_id":true},"before_sensitive":false,"after_sensitive":{}}},{"address":"aws_security_group.sgwb","mode":"managed","type":"aws_security_group","name":"sgwb","provider_name":"registry.terraform.io/hashicorp/aws","change":{"actions":["create"],"before":null,"after":{"description":"Managed by Terraform","egress":[{"cidr_blocks":["0.0.0.0/0"],"description":"","from_port":0,"ipv6_cidr_blocks":[],"prefix_list_ids":[],"protocol":"-1","security_groups":[],"self":false,"to_port":0}],"ingress":[{"cidr_blocks":["0.0.0.0/0"],"description":"HTTP from VPC","from_port":80,"ipv6_cidr_blocks":[],"prefix_list_ids":[],"protocol":"tcp","security_groups":[],"self":false,"to_port":80},{"cidr_blocks":["0.0.0.0/0"],"description":"SSH","from_port":22,"ipv6_cidr_blocks":[],"prefix_list_ids":[],"protocol":"tcp","security_groups":[],"self":false,"to_port":22}],"name":"Web","revoke_rules_on_delete":false,"tags":null,"timeouts":null},"after_unknown":{"arn":true,"egress":[{"cidr_blocks":[false],"ipv6_cidr_blocks":[],"prefix_list_ids":[],"security_groups":[]}],"id":true,"ingress":[{"cidr_blocks":[false],"ipv6_cidr_blocks":[],"prefix_list_ids":[],"security_groups":[]},{"cidr_blocks":[false],"ipv6_cidr_blocks":[],"prefix_list_ids":[],"security_groups":[]}],"name_prefix":true,"owner_id":true,"tags_all":true,"vpc_id":true},"before_sensitive":false,"after_sensitive":{"egress":[{"cidr_blocks":[false],"ipv6_cidr_blocks":[],"prefix_list_ids":[],"security_groups":[]}],"ingress":[{"cidr_blocks":[false],"ipv6_cidr_blocks":[],"prefix_list_ids":[],"security_groups":[]},{"cidr_blocks":[false],"ipv6_cidr_blocks":[],"prefix_list_ids":[],"security_groups":[]}],"tags_all":{}}}},{"address":"aws_subnet.sub1","mode":"managed","type":"aws_subnet","name":"sub1","provider_name":"registry.terraform.io/hashicorp/aws","change":{"actions":["create"],"before":null,"after":{"assign_ipv6_address_on_creation":false,"availability_zone":"us-east-1a","cidr_block":"10.0.0.0/24","customer_owned_ipv4_pool":null,"enable_dns64":false,"enable_lni_at_device_index":null,"enable_resource_name_dns_a_record_on_launch":false,"enable_resource_name_dns_aaaa_record_on_launch":false,"ipv6_cidr_block":null,"ipv6_native":false,"map_customer_owned_ip_on_launch":null,"map_public_ip_on_launch":true,"outpost_arn":null,"tags":null,"timeouts":null},"after_unknown":{"arn":true,"availability_zone_id":true,"id":true,"ipv6_cidr_block_association_id":true,"owner_id":true,"private_dns_hostname_type_on_launch":true,"tags_all":true,"vpc_id":true},"before_sensitive":false,"after_sensitive":{"tags_all":{}}}},{"address":"aws_vpc.myvpc","mode":"managed","type":"aws_vpc","name":"myvpc","provider_name":"registry.terraform.io/hashicorp/aws","change":{"actions":["create"],"before":null,"after":{"assign_generated_ipv6_cidr_block":null,"cidr_block":"10.0.0.0/16","enable_dns_support":true,"instance_tenancy":"default","ipv4_ipam_pool_id":null,"ipv4_netmask_length":null,"ipv6_ipam_pool_id":null,"ipv6_netmask_length":null,"tags":null},"after_unknown":{"arn":true,"default_network_acl_id":true,"default_route_table_id":true,"default_security_group_id":true,"dhcp_options_id":true,"enable_dns_hostnames":true,"enable_network_address_usage_metrics":true,"id":true,"ipv6_association_id":true,"ipv6_cidr_block":true,"ipv6_cidr_block_network_border_group":true,"main_route_table_id":true,"owner_id":true,"tags_all":true},"before_sensitive":false,"after_sensitive":{"tags_all":{}}}}],"configuration":{"provider_config":{"aws":{"name":"aws","full_name":"registry.terraform.io/hashicorp/aws","expressions":{"region":{"constant_value":"us-east-1"}}}},"root_module":{"resources":[{"address":"aws_instance.server","mode":"managed","type":"aws_instance","name":"server","provider_config_key":"aws","provisioners":[{"type":"file","expressions":{"destination":{"constant_value":"/home/ubuntu/app.py"},"source":{"constant_value":"app.py"}}},{"type":"remote-exec","expressions":{"inline":{"constant_value":["echo 'Hello from the remote instance'","sudo apt update -y","sudo apt-get install -y python3-pip","cd /home/ubuntu","sudo pip3 install flask","sudo python3 app.py \u0026"]}}}],"expressions":{"ami":{"constant_value":"ami-0261755bbcb8c4a84"},"instance_type":{"constant_value":"t2.micro"},"key_name":{"references":["aws_key_pair.example.key_name","aws_key_pair.example"]},"subnet_id":{"references":["aws_subnet.sub1.id","aws_subnet.sub1"]},"vpc_security_group_ids":{"references":["aws_security_group.sgwb.id","aws_security_group.sgwb"]}},"schema_version":1},{"address":"aws_internet_gateway.igw","mode":"managed","type":"aws_internet_gateway","name":"igw","provider_config_key":"aws","expressions":{"vpc_id":{"references":["aws_vpc.myvpc.id","aws_vpc.myvpc"]}},"schema_version":0},{"address":"aws_key_pair.example","mode":"managed","type":"aws_key_pair","name":"example","provider_config_key":"aws","expressions":{"key_name":{"constant_value":"ayush_laptop"},"public_key":{}},"schema_version":1},{"address":"aws_route_table.RT","mode":"managed","type":"aws_route_table","name":"RT","provider_config_key":"aws","expressions":{"route":{"references":["aws_internet_gateway.igw.id","aws_internet_gateway.igw"]},"vpc_id":{"references":["aws_vpc.myvpc.id","aws_vpc.myvpc"]}},"schema_version":0},{"address":"aws_route_table_association.rta1","mode":"managed","type":"aws_route_table_association","name":"rta1","provider_config_key":"aws","expressions":{"route_table_id":{"references":["aws_route_table.RT.id","aws_route_table.RT"]},"subnet_id":{"references":["aws_subnet.sub1.id","aws_subnet.sub1"]}},"schema_version":0},{"address":"aws_security_group.sgwb","mode":"managed","type":"aws_security_group","name":"sgwb","provider_config_key":"aws","expressions":{"egress":{"constant_value":[{"cidr_blocks":["0.0.0.0/0"],"description":"","from_port":0,"ipv6_cidr_blocks":null,"prefix_list_ids":null,"protocol":"-1","security_groups":null,"self":null,"to_port":0}]},"ingress":{"constant_value":[{"cidr_blocks":["0.0.0.0/0"],"description":"HTTP from VPC","from_port":80,"ipv6_cidr_blocks":null,"prefix_list_ids":null,"protocol":"tcp","security_groups":null,"self":null,"to_port":80},{"cidr_blocks":["0.0.0.0/0"],"description":"SSH","from_port":22,"ipv6_cidr_blocks":null,"prefix_list_ids":null,"protocol":"tcp","security_groups":null,"self":null,"to_port":22}]},"name":{"constant_value":"Web"},"vpc_id":{"references":["aws_vpc.myvpc.id","aws_vpc.myvpc"]}},"schema_version":1},{"address":"aws_subnet.sub1","mode":"managed","type":"aws_subnet","name":"sub1","provider_config_key":"aws","expressions":{"availability_zone":{"constant_value":"us-east-1a"},"cidr_block":{"constant_value":"10.0.0.0/24"},"map_public_ip_on_launch":{"constant_value":true},"vpc_id":{"references":["aws_vpc.myvpc.id","aws_vpc.myvpc"]}},"schema_version":1},{"address":"aws_vpc.myvpc","mode":"managed","type":"aws_vpc","name":"myvpc","provider_config_key":"aws","expressions":{"cidr_block":{"references":["var.cidr"]}},"schema_version":1}],"variables":{"cidr":{"default":"10.0.0.0/16"}}}},"relevant_attributes":[{"resource":"aws_security_group.sgwb","attribute":["id"]},{"resource":"aws_vpc.myvpc","attribute":["id"]},{"resource":"aws_internet_gateway.igw","attribute":["id"]},{"resource":"aws_subnet.sub1","attribute":["id"]},{"resource":"aws_route_table.RT","attribute":["id"]},{"resource":"aws_key_pair.example","attribute":["key_name"]}],"timestamp":"2024-09-09T23:41:43Z","applyable":true,"complete":true,"errored":false}
